
Microsoft Visual Studio Solution File, Format Version 12.00
# Visual Studio 2012
Project("{FAE04EC0-301F-11D3-BF4B-00C04F79EFBC}") = "DaveTimmins.SampleExtension", "DaveTimmins.SampleExtension\DaveTimmins.SampleExtension.csproj", "{75D6F6B1-E7B0-49CC-A3B3-76120491DD34}"
EndProject
Project("{FAE04EC0-301F-11D3-BF4B-00C04F79EFBC}") = "DaveTimmins.SampleExtension.Common", "DaveTimmins.SampleExtension.Common\DaveTimmins.SampleExtension.Common.csproj", "{9747BA65-62D6-4671-A69E-76CC612C8BE0}"
EndProject
Project("{FAE04EC0-301F-11D3-BF4B-00C04F79EFBC}") = "DaveTimmins.SampleExtension.Register", "DaveTimmins.SampleExtension.Register\DaveTimmins.SampleExtension.Register.csproj", "{5395BC50-A727-4521-9583-1BF35598E653}"
EndProject
Project("{FAE04EC0-301F-11D3-BF4B-00C04F79EFBC}") = "DaveTimmins.SampleExtension.Client", "DaveTimmins.SampleExtension.Client\DaveTimmins.SampleExtension.Client.csproj", "{80F000A2-555D-42B2-ADFC-C62A65D3C35A}"
EndProject
Project("{FAE04EC0-301F-11D3-BF4B-00C04F79EFBC}") = "DaveTimmins.SampleExtension.ClientTest", "DaveTimmins.SampleExtension.ClientTest\DaveTimmins.SampleExtension.ClientTest.csproj", "{6C74A8E8-F7C5-4E6F-9E2C-EF1100FED592}"
EndProject
Global
	GlobalSection(SolutionConfigurationPlatforms) = preSolution
		Debug|Any CPU = Debug|Any CPU
		Debug|Mixed Platforms = Debug|Mixed Platforms
		Debug|x86 = Debug|x86
		Release|Any CPU = Release|Any CPU
		Release|Mixed Platforms = Release|Mixed Platforms
		Release|x86 = Release|x86
	EndGlobalSection
	GlobalSection(ProjectConfigurationPlatforms) = postSolution
		{75D6F6B1-E7B0-49CC-A3B3-76120491DD34}.Debug|Any CPU.ActiveCfg = Debug|Any CPU
		{75D6F6B1-E7B0-49CC-A3B3-76120491DD34}.Debug|Any CPU.Build.0 = Debug|Any CPU
		{75D6F6B1-E7B0-49CC-A3B3-76120491DD34}.Debug|Mixed Platforms.ActiveCfg = Debug|Any CPU
		{75D6F6B1-E7B0-49CC-A3B3-76120491DD34}.Debug|Mixed Platforms.Build.0 = Debug|Any CPU
		{75D6F6B1-E7B0-49CC-A3B3-76120491DD34}.Debug|x86.ActiveCfg = Debug|Any CPU
		{75D6F6B1-E7B0-49CC-A3B3-76120491DD34}.Release|Any CPU.ActiveCfg = Release|Any CPU
		{75D6F6B1-E7B0-49CC-A3B3-76120491DD34}.Release|Any CPU.Build.0 = Release|Any CPU
		{75D6F6B1-E7B0-49CC-A3B3-76120491DD34}.Release|Mixed Platforms.ActiveCfg = Release|Any CPU
		{75D6F6B1-E7B0-49CC-A3B3-76120491DD34}.Release|Mixed Platforms.Build.0 = Release|Any CPU
		{75D6F6B1-E7B0-49CC-A3B3-76120491DD34}.Release|x86.ActiveCfg = Release|Any CPU
		{9747BA65-62D6-4671-A69E-76CC612C8BE0}.Debug|Any CPU.ActiveCfg = Debug|Any CPU
		{9747BA65-62D6-4671-A69E-76CC612C8BE0}.Debug|Any CPU.Build.0 = Debug|Any CPU
		{9747BA65-62D6-4671-A69E-76CC612C8BE0}.Debug|Mixed Platforms.ActiveCfg = Debug|Any CPU
		{9747BA65-62D6-4671-A69E-76CC612C8BE0}.Debug|Mixed Platforms.Build.0 = Debug|Any CPU
		{9747BA65-62D6-4671-A69E-76CC612C8BE0}.Debug|x86.ActiveCfg = Debug|Any CPU
		{9747BA65-62D6-4671-A69E-76CC612C8BE0}.Release|Any CPU.ActiveCfg = Release|Any CPU
		{9747BA65-62D6-4671-A69E-76CC612C8BE0}.Release|Any CPU.Build.0 = Release|Any CPU
		{9747BA65-62D6-4671-A69E-76CC612C8BE0}.Release|Mixed Platforms.ActiveCfg = Release|Any CPU
		{9747BA65-62D6-4671-A69E-76CC612C8BE0}.Release|Mixed Platforms.Build.0 = Release|Any CPU
		{9747BA65-62D6-4671-A69E-76CC612C8BE0}.Release|x86.ActiveCfg = Release|Any CPU
		{5395BC50-A727-4521-9583-1BF35598E653}.Debug|Any CPU.ActiveCfg = Debug|x86
		{5395BC50-A727-4521-9583-1BF35598E653}.Debug|Mixed Platforms.ActiveCfg = Debug|x86
		{5395BC50-A727-4521-9583-1BF35598E653}.Debug|Mixed Platforms.Build.0 = Debug|x86
		{5395BC50-A727-4521-9583-1BF35598E653}.Debug|x86.ActiveCfg = Debug|x86
		{5395BC50-A727-4521-9583-1BF35598E653}.Debug|x86.Build.0 = Debug|x86
		{5395BC50-A727-4521-9583-1BF35598E653}.Release|Any CPU.ActiveCfg = Release|x86
		{5395BC50-A727-4521-9583-1BF35598E653}.Release|Mixed Platforms.ActiveCfg = Release|x86
		{5395BC50-A727-4521-9583-1BF35598E653}.Release|Mixed Platforms.Build.0 = Release|x86
		{5395BC50-A727-4521-9583-1BF35598E653}.Release|x86.ActiveCfg = Release|x86
		{5395BC50-A727-4521-9583-1BF35598E653}.Release|x86.Build.0 = Release|x86
		{80F000A2-555D-42B2-ADFC-C62A65D3C35A}.Debug|Any CPU.ActiveCfg = Debug|Any CPU
		{80F000A2-555D-42B2-ADFC-C62A65D3C35A}.Debug|Any CPU.Build.0 = Debug|Any CPU
		{80F000A2-555D-42B2-ADFC-C62A65D3C35A}.Debug|Mixed Platforms.ActiveCfg = Debug|Any CPU
		{80F000A2-555D-42B2-ADFC-C62A65D3C35A}.Debug|Mixed Platforms.Build.0 = Debug|Any CPU
		{80F000A2-555D-42B2-ADFC-C62A65D3C35A}.Debug|x86.ActiveCfg = Debug|Any CPU
		{80F000A2-555D-42B2-ADFC-C62A65D3C35A}.Release|Any CPU.ActiveCfg = Release|Any CPU
		{80F000A2-555D-42B2-ADFC-C62A65D3C35A}.Release|Any CPU.Build.0 = Release|Any CPU
		{80F000A2-555D-42B2-ADFC-C62A65D3C35A}.Release|Mixed Platforms.ActiveCfg = Release|Any CPU
		{80F000A2-555D-42B2-ADFC-C62A65D3C35A}.Release|Mixed Platforms.Build.0 = Release|Any CPU
		{80F000A2-555D-42B2-ADFC-C62A65D3C35A}.Release|x86.ActiveCfg = Release|Any CPU
		{6C74A8E8-F7C5-4E6F-9E2C-EF1100FED592}.Debug|Any CPU.ActiveCfg = Debug|Any CPU
		{6C74A8E8-F7C5-4E6F-9E2C-EF1100FED592}.Debug|Any CPU.Build.0 = Debug|Any CPU
		{6C74A8E8-F7C5-4E6F-9E2C-EF1100FED592}.Debug|Mixed Platforms.ActiveCfg = Debug|Any CPU
		{6C74A8E8-F7C5-4E6F-9E2C-EF1100FED592}.Debug|Mixed Platforms.Build.0 = Debug|Any CPU
		{6C74A8E8-F7C5-4E6F-9E2C-EF1100FED592}.Debug|x86.ActiveCfg = Debug|Any CPU
		{6C74A8E8-F7C5-4E6F-9E2C-EF1100FED592}.Release|Any CPU.ActiveCfg = Release|Any CPU
		{6C74A8E8-F7C5-4E6F-9E2C-EF1100FED592}.Release|Any CPU.Build.0 = Release|Any CPU
		{6C74A8E8-F7C5-4E6F-9E2C-EF1100FED592}.Release|Mixed Platforms.ActiveCfg = Release|Any CPU
		{6C74A8E8-F7C5-4E6F-9E2C-EF1100FED592}.Release|Mixed Platforms.Build.0 = Release|Any CPU
		{6C74A8E8-F7C5-4E6F-9E2C-EF1100FED592}.Release|x86.ActiveCfg = Release|Any CPU
	EndGlobalSection
	GlobalSection(SolutionProperties) = preSolution
		HideSolutionNode = FALSE
	EndGlobalSection
EndGlobal
